{
  "nodes": {
    "nixpkgs": {
      "locked": {
        "lastModified": 1740532964,
        "narHash": "sha256-kRPDOnpv6OhrJRHJtVaQ/i04dHCz74ndmjA2Y5Hu6t0=",
        "owner": "NixOS",
        "repo": "nixpkgs",
        "rev": "04fa2a8dbae35879e96dab9115a20d78e8527994",
        "type": "github"
      },
      "original": {
        "owner": "NixOS",
        "repo": "nixpkgs",
        "type": "github"
      }
    },
    "root": {
      "inputs": {
        "nixpkgs": "nixpkgs"
      }
    }
  },
  "root": "root",
  "version": 7
}
